Microsoft Visual Studio Solution File, Format Version 11.00
# Visual Studio 2008

Project("{99E5F329-77CF-F439-5306-3B755D123E29}") = "Amsterdam Transport Sim", "Assembly-CSharp-firstpass.csproj", "{3F0BFA3D-8423-380A-FDBB-226627FBC9D8}"
EndProject
Project("{99E5F329-77CF-F439-5306-3B755D123E29}") = "Amsterdam Transport Sim", "Assembly-CSharp-Editor-firstpass.csproj", "{8BE6B7B2-569D-7972-F255-1A0AFFB57F79}"
EndProject
Global
	GlobalSection(SolutionConfigurationPlatforms) = preSolution
		Debug|Any CPU = Debug|Any CPU
		Release|Any CPU = Release|Any CPU
	EndGlobalSection
	GlobalSection(ProjectConfigurationPlatforms) = postSolution
		{3F0BFA3D-8423-380A-FDBB-226627FBC9D8}.Debug|Any CPU.ActiveCfg = Debug|Any CPU
		{3F0BFA3D-8423-380A-FDBB-226627FBC9D8}.Debug|Any CPU.Build.0 = Debug|Any CPU
		{3F0BFA3D-8423-380A-FDBB-226627FBC9D8}.Release|Any CPU.ActiveCfg = Release|Any CPU
		{3F0BFA3D-8423-380A-FDBB-226627FBC9D8}.Release|Any CPU.Build.0 = Release|Any CPU
		{8BE6B7B2-569D-7972-F255-1A0AFFB57F79}.Debug|Any CPU.ActiveCfg = Debug|Any CPU
		{8BE6B7B2-569D-7972-F255-1A0AFFB57F79}.Debug|Any CPU.Build.0 = Debug|Any CPU
		{8BE6B7B2-569D-7972-F255-1A0AFFB57F79}.Release|Any CPU.ActiveCfg = Release|Any CPU
		{8BE6B7B2-569D-7972-F255-1A0AFFB57F79}.Release|Any CPU.Build.0 = Release|Any CPU
	EndGlobalSection
	GlobalSection(SolutionProperties) = preSolution
		HideSolutionNode = FALSE
	EndGlobalSection
	GlobalSection(MonoDevelopProperties) = preSolution
		StartupItem = Assembly-CSharp.csproj
	EndGlobalSection
EndGlobal
